
Microsoft Visual Studio Solution File, Format Version 12.00
# Visual Studio Version 16
VisualStudioVersion = 16.0.31402.337
MinimumVisualStudioVersion = 10.0.40219.1
Project("{9A19103F-16F7-4668-BE54-9A1E7A4F7556}") = "To-Do-List-Library.Domain", "src\Core\To-Do-List-Library.Domain\To-Do-List-Library.Domain.csproj", "{1A80B04E-5677-432B-9A7F-97842BF133D1}"
EndProject
Project("{2150E333-8FDC-42A3-9474-1A3956D46DE8}") = "Core", "Core", "{5DFEB2A4-C18D-43C0-BBF4-A85BAD24C4D1}"
EndProject
Project("{2150E333-8FDC-42A3-9474-1A3956D46DE8}") = "src", "src", "{7F1ACCDB-D50A-494C-8486-AB550506A02E}"
EndProject
Project("{2150E333-8FDC-42A3-9474-1A3956D46DE8}") = "Infrastructure", "Infrastructure", "{AE1A00E3-8518-4569-89E0-CF92FFA14E8C}"
EndProject
Project("{2150E333-8FDC-42A3-9474-1A3956D46DE8}") = "API", "API", "{655FA12C-AC40-400F-AA8C-94FA2952BB65}"
EndProject
Project("{9A19103F-16F7-4668-BE54-9A1E7A4F7556}") = "To-Do-List-Library.Application", "src\Core\To-Do-List-Library.Application\To-Do-List-Library.Application.csproj", "{96338B13-6616-4780-A725-EF03CD2CD90C}"
EndProject
Project("{9A19103F-16F7-4668-BE54-9A1E7A4F7556}") = "To-Do-List-Library.API", "src\Presentation\To-Do-List-Library.API\To-Do-List-Library.API.csproj", "{8EA0F308-F770-4B30-BC75-E1D2D7991E0A}"
EndProject
Project("{9A19103F-16F7-4668-BE54-9A1E7A4F7556}") = "To-Do-List-Library.Persistence", "src\Infrastructure\To-Do-List-Library.Persistence\To-Do-List-Library.Persistence.csproj", "{891475BC-2683-4F98-9BDC-8651F0818B7E}"
EndProject
Project("{9A19103F-16F7-4668-BE54-9A1E7A4F7556}") = "To-Do-List-Library.Identity", "src\Infrastructure\To-Do-List-Library.Identity\To-Do-List-Library.Identity.csproj", "{4C5F7DA6-05EB-4C9A-8697-BE05F8AF56AF}"
EndProject
Project("{2150E333-8FDC-42A3-9474-1A3956D46DE8}") = "Presentation", "Presentation", "{DEF42F15-B9AE-42D1-918F-A6EABAF8981C}"
EndProject
Project("{9A19103F-16F7-4668-BE54-9A1E7A4F7556}") = "To-Do-List-Library.Application.UnitTests", "test\To-Do-List-Library.Application.UnitTests\To-Do-List-Library.Application.UnitTests.csproj", "{D60D0D42-00AD-4F14-944F-03A493041F3F}"
EndProject
Project("{2150E333-8FDC-42A3-9474-1A3956D46DE8}") = "test", "test", "{BA7F947F-1726-435D-BA94-ABB5D724A011}"
EndProject
Project("{2150E333-8FDC-42A3-9474-1A3956D46DE8}") = "Core", "Core", "{EA05A76D-AF00-4152-8784-47BF0C6E8986}"
EndProject
Global
	GlobalSection(SolutionConfigurationPlatforms) = preSolution
		Debug|Any CPU = Debug|Any CPU
		Release|Any CPU = Release|Any CPU
	EndGlobalSection
	GlobalSection(ProjectConfigurationPlatforms) = postSolution
		{1A80B04E-5677-432B-9A7F-97842BF133D1}.Debug|Any CPU.ActiveCfg = Debug|Any CPU
		{1A80B04E-5677-432B-9A7F-97842BF133D1}.Debug|Any CPU.Build.0 = Debug|Any CPU
		{1A80B04E-5677-432B-9A7F-97842BF133D1}.Release|Any CPU.ActiveCfg = Release|Any CPU
		{1A80B04E-5677-432B-9A7F-97842BF133D1}.Release|Any CPU.Build.0 = Release|Any CPU
		{96338B13-6616-4780-A725-EF03CD2CD90C}.Debug|Any CPU.ActiveCfg = Debug|Any CPU
		{96338B13-6616-4780-A725-EF03CD2CD90C}.Debug|Any CPU.Build.0 = Debug|Any CPU
		{96338B13-6616-4780-A725-EF03CD2CD90C}.Release|Any CPU.ActiveCfg = Release|Any CPU
		{96338B13-6616-4780-A725-EF03CD2CD90C}.Release|Any CPU.Build.0 = Release|Any CPU
		{8EA0F308-F770-4B30-BC75-E1D2D7991E0A}.Debug|Any CPU.ActiveCfg = Debug|Any CPU
		{8EA0F308-F770-4B30-BC75-E1D2D7991E0A}.Debug|Any CPU.Build.0 = Debug|Any CPU
		{8EA0F308-F770-4B30-BC75-E1D2D7991E0A}.Release|Any CPU.ActiveCfg = Release|Any CPU
		{8EA0F308-F770-4B30-BC75-E1D2D7991E0A}.Release|Any CPU.Build.0 = Release|Any CPU
		{891475BC-2683-4F98-9BDC-8651F0818B7E}.Debug|Any CPU.ActiveCfg = Debug|Any CPU
		{891475BC-2683-4F98-9BDC-8651F0818B7E}.Debug|Any CPU.Build.0 = Debug|Any CPU
		{891475BC-2683-4F98-9BDC-8651F0818B7E}.Release|Any CPU.ActiveCfg = Release|Any CPU
		{891475BC-2683-4F98-9BDC-8651F0818B7E}.Release|Any CPU.Build.0 = Release|Any CPU
		{4C5F7DA6-05EB-4C9A-8697-BE05F8AF56AF}.Debug|Any CPU.ActiveCfg = Debug|Any CPU
		{4C5F7DA6-05EB-4C9A-8697-BE05F8AF56AF}.Debug|Any CPU.Build.0 = Debug|Any CPU
		{4C5F7DA6-05EB-4C9A-8697-BE05F8AF56AF}.Release|Any CPU.ActiveCfg = Release|Any CPU
		{4C5F7DA6-05EB-4C9A-8697-BE05F8AF56AF}.Release|Any CPU.Build.0 = Release|Any CPU
		{D60D0D42-00AD-4F14-944F-03A493041F3F}.Debug|Any CPU.ActiveCfg = Debug|Any CPU
		{D60D0D42-00AD-4F14-944F-03A493041F3F}.Debug|Any CPU.Build.0 = Debug|Any CPU
		{D60D0D42-00AD-4F14-944F-03A493041F3F}.Release|Any CPU.ActiveCfg = Release|Any CPU
		{D60D0D42-00AD-4F14-944F-03A493041F3F}.Release|Any CPU.Build.0 = Release|Any CPU
	EndGlobalSection
	GlobalSection(SolutionProperties) = preSolution
		HideSolutionNode = FALSE
	EndGlobalSection
	GlobalSection(NestedProjects) = preSolution
		{1A80B04E-5677-432B-9A7F-97842BF133D1} = {5DFEB2A4-C18D-43C0-BBF4-A85BAD24C4D1}
		{5DFEB2A4-C18D-43C0-BBF4-A85BAD24C4D1} = {7F1ACCDB-D50A-494C-8486-AB550506A02E}
		{AE1A00E3-8518-4569-89E0-CF92FFA14E8C} = {7F1ACCDB-D50A-494C-8486-AB550506A02E}
		{655FA12C-AC40-400F-AA8C-94FA2952BB65} = {DEF42F15-B9AE-42D1-918F-A6EABAF8981C}
		{96338B13-6616-4780-A725-EF03CD2CD90C} = {5DFEB2A4-C18D-43C0-BBF4-A85BAD24C4D1}
		{8EA0F308-F770-4B30-BC75-E1D2D7991E0A} = {655FA12C-AC40-400F-AA8C-94FA2952BB65}
		{891475BC-2683-4F98-9BDC-8651F0818B7E} = {AE1A00E3-8518-4569-89E0-CF92FFA14E8C}
		{4C5F7DA6-05EB-4C9A-8697-BE05F8AF56AF} = {AE1A00E3-8518-4569-89E0-CF92FFA14E8C}
		{DEF42F15-B9AE-42D1-918F-A6EABAF8981C} = {7F1ACCDB-D50A-494C-8486-AB550506A02E}
		{D60D0D42-00AD-4F14-944F-03A493041F3F} = {EA05A76D-AF00-4152-8784-47BF0C6E8986}
		{EA05A76D-AF00-4152-8784-47BF0C6E8986} = {BA7F947F-1726-435D-BA94-ABB5D724A011}
	EndGlobalSection
	GlobalSection(ExtensibilityGlobals) = postSolution
		SolutionGuid = {013A6F1F-2285-4B70-BA15-AB9B0A0F7869}
	EndGlobalSection
EndGlobal
